
Microsoft Visual Studio Solution File, Format Version 12.00
# Visual Studio Version 17
VisualStudioVersion = 17.10.34928.147
MinimumVisualStudioVersion = 10.0.40219.1
Project("{FAE04EC0-301F-11D3-BF4B-00C04F79EFBC}") = "örnek2", "örnek2\örnek2.csproj", "{50265FD4-18BA-43C5-9F14-51841F9FDBFB}"
EndProject
Global
	GlobalSection(SolutionConfigurationPlatforms) = preSolution
		Debug|Any CPU = Debug|Any CPU
		Release|Any CPU = Release|Any CPU
	EndGlobalSection
	GlobalSection(ProjectConfigurationPlatforms) = postSolution
		{50265FD4-18BA-43C5-9F14-51841F9FDBFB}.Debug|Any CPU.ActiveCfg = Debug|Any CPU
		{50265FD4-18BA-43C5-9F14-51841F9FDBFB}.Debug|Any CPU.Build.0 = Debug|Any CPU
		{50265FD4-18BA-43C5-9F14-51841F9FDBFB}.Release|Any CPU.ActiveCfg = Release|Any CPU
		{50265FD4-18BA-43C5-9F14-51841F9FDBFB}.Release|Any CPU.Build.0 = Release|Any CPU
	EndGlobalSection
	GlobalSection(SolutionProperties) = preSolution
		HideSolutionNode = FALSE
	EndGlobalSection
	GlobalSection(ExtensibilityGlobals) = postSolution
		SolutionGuid = {6136C446-4BA3-4071-B69E-2490C0B299F3}
	EndGlobalSection
EndGlobal
